{
  "name": "assets",
  "version": "1.0.0",
  "lockfileVersion": 3,
  "requires": true,
  "packages": {
    "": {
      "name": "assets",
      "version": "1.0.0",
      "license": "ISC",
      "dependencies": {
        "@db-ui/core": "^2.13.3"
      }
    },
    "node_modules/@csstools/normalize.css": {
      "version": "12.0.0",
      "resolved": "https://registry.npmjs.org/@csstools/normalize.css/-/normalize.css-12.0.0.tgz",
      "integrity": "sha512-M0qqxAcwCsIVfpFQSlGN5XjXWu8l5JDZN+fPt1LeW5SZexQTgnaEvgXAY+CeygRw0EeppWHi12JxESWiWrB0Sg=="
    },
    "node_modules/@db-ui/base": {
      "version": "0.23.2",
      "resolved": "https://registry.npmjs.org/@db-ui/base/-/base-0.23.2.tgz",
      "integrity": "sha512-9NTGTkQnbrj06f8rSWy41cHiUn9D3xdjLbhCYmyAs6cVc2ViaOdsBPMgiY+Zxlnv9JMHNjxOC5iIwFpwcsznMg=="
    },
    "node_modules/@db-ui/core": {
      "version": "2.13.3",
      "resolved": "https://registry.npmjs.org/@db-ui/core/-/core-2.13.3.tgz",
      "integrity": "sha512-G6FcUjFwnqPLiKTS8Zq9Q3+BqI/jmP3yZwMkRYmBGDgQZFuZ8j6IPkRBoEABlavTL6P8G9FeB6Up6u4ksxGUXQ==",
      "dependencies": {
        "@csstools/normalize.css": "^12.0.0",
        "@db-ui/base": "^0.23.2"
      }
    }
  }
}
